{
  "name": "One_FNG",
  "version": "1.0.0",
  "lockfileVersion": 1,
  "requires": true,
  "dependencies": {
    "bootstrap": {
      "version": "5.3.2",
      "resolved": "https://registry.npmjs.org/bootstrap/-/bootstrap-5.3.2.tgz",
      "integrity": "sha512-D32nmNWiQHo94BKHLmOrdjlL05q1c8oxbtBphQFb9Z5to6eGRDCm0QgeaZ4zFBHzfg2++rqa2JkqCcxDy0sH0g=="
    },
    "bootstrap-icons": {
      "version": "1.11.3",
      "resolved": "https://registry.npmjs.org/bootstrap-icons/-/bootstrap-icons-1.11.3.tgz",
      "integrity": "sha512-+3lpHrCw/it2/7lBL15VR0HEumaBss0+f/Lb6ZvHISn1mlK83jjFpooTLsMWbIjJMDjDjOExMsTxnXSIT4k4ww=="
    },
    "daemon": {
      "version": "1.1.0",
      "resolved": "https://registry.npmjs.org/daemon/-/daemon-1.1.0.tgz",
      "integrity": "sha512-1vX9YVcP21gt12nSD3SQRC/uPU7fyA6M8qyClTBIFuiRWoylFn57PwXhjBAqRl085bZAje7sILhZU48qcS9SWw=="
    },
    "init": {
      "version": "0.1.2",
      "resolved": "https://registry.npmjs.org/init/-/init-0.1.2.tgz",
      "integrity": "sha512-IvHUjULS2q+BXJdiu4FHkByh3+qSFmkOXQ2ItSfYTtkdUksQc0yNX6f1uDyokzRV71tjpFsFc3ckeYLJXunTGw==",
      "requires": {
        "daemon": ">=0.3.0"
      }
    },
    "jquery": {
      "version": "3.7.1",
      "resolved": "https://registry.npmjs.org/jquery/-/jquery-3.7.1.tgz",
      "integrity": "sha512-m4avr8yL8kmFN8psrbFFFmB/If14iN5o9nw/NgnnM+kybDJpRsAynV2BsfpTYrTRysYUdADVD7CkUUizgkpLfg=="
    }
  }
}
